// !$*UTF8*$!
{
	archiveVersion = 1;
	classes = {
	};
	objectVersion = 70;
	objects = {

/* Begin PBXBuildFile section */
		EF1B11B52F35071C0037AC66 /* FirebaseAuth in Frameworks */ = {isa = PBXBuildFile; productRef = EF1B11B42F35071C0037AC66 /* FirebaseAuth */; };
		EF1B11B72F35071C0037AC66 /* FirebaseCore in Frameworks */ = {isa = PBXBuildFile; productRef = EF1B11B62F35071C0037AC66 /* FirebaseCore */; };
		EF1B11B92F35071C0037AC66 /* FirebaseDatabase in Frameworks */ = {isa = PBXBuildFile; productRef = EF1B11B82F35071C0037AC66 /* FirebaseDatabase */; };
		EF1B11CF2F350F960037AC66 /* Services/FirebaseAuthService.swift in Sources */ = {isa = PBXBuildFile; fileRef = EF1B11CE2F350F960037AC66 /* Services/FirebaseAuthService.swift */; };
		EF1B11D12F35105B0037AC66 /* Features/Auth/AuthViewModel.swift in Sources */ = {isa = PBXBuildFile; fileRef = EF1B11D02F35105B0037AC66 /* Features/Auth/AuthViewModel.swift */; };
		EF8439282F3587AF00437824 /* GooglePlaces in Frameworks */ = {isa = PBXBuildFile; productRef = EF8439272F3587AF00437824 /* GooglePlaces */; };
		EF84392A2F3587AF00437824 /* GooglePlacesSwift in Frameworks */ = {isa = PBXBuildFile; productRef = EF8439292F3587AF00437824 /* GooglePlacesSwift */; };
		EF917E4F2C35B3E900494D65 /* Whats_REALApp.swift in Sources */ = {isa = PBXBuildFile; fileRef = EF917E4E2C35B3E900494D65 /* Whats_REALApp.swift */; };
		EFB626F52F3512C6001B41EC /* Assets.xcassets in Resources */ = {isa = PBXBuildFile; fileRef = EFB626F22F3512C6001B41EC /* Assets.xcassets */; };
		EFB626F62F3512C6001B41EC /* Preview Assets.xcassets in Resources */ = {isa = PBXBuildFile; fileRef = EFB626F32F3512C6001B41EC /* Preview Assets.xcassets */; };
		EFC099402F0C591A00D59CBE /* GoogleService-Info.plist in Resources */ = {isa = PBXBuildFile; fileRef = EFC0993F2F0C591A00D59CBE /* GoogleService-Info.plist */; };
/* End PBXBuildFile section */

/* Begin PBXFileReference section */
		EF1B11CE2F350F960037AC66 /* Services/FirebaseAuthService.swift */ = {isa = PBXFileReference; lastKnownFileType = sourcecode.swift; path = Services/FirebaseAuthService.swift; sourceTree = "<group>"; };
		EF1B11D02F35105B0037AC66 /* Features/Auth/AuthViewModel.swift */ = {isa = PBXFileReference; lastKnownFileType = sourcecode.swift; path = Features/Auth/AuthViewModel.swift; sourceTree = "<group>"; };
		EF917E4B2C35B3E900494D65 /* Whats REAL.app */ = {isa = PBXFileReference; explicitFileType = wrapper.application; includeInIndex = 0; path = "Whats REAL.app"; sourceTree = BUILT_PRODUCTS_DIR; };
		EF917E4E2C35B3E900494D65 /* Whats_REALApp.swift */ = {isa = PBXFileReference; lastKnownFileType = sourcecode.swift; path = Whats_REALApp.swift; sourceTree = "<group>"; };
		EFB626F22F3512C6001B41EC /* Assets.xcassets */ = {isa = PBXFileReference; lastKnownFileType = folder.assetcatalog; path = Assets.xcassets; sourceTree = "<group>"; };
		EFB626F32F3512C6001B41EC /* Preview Assets.xcassets */ = {isa = PBXFileReference; lastKnownFileType = folder.assetcatalog; path = "Preview Assets.xcassets"; sourceTree = "<group>"; };
		EFC0993F2F0C591A00D59CBE /* GoogleService-Info.plist */ = {isa = PBXFileReference; lastKnownFileType = text.plist.xml; path = "GoogleService-Info.plist"; sourceTree = "<group>"; };
/* End PBXFileReference section */

/* Begin PBXFileSystemSynchronizedRootGroup section */
		EF1B11C22F350D1B0037AC66 /* Core */ = {isa = PBXFileSystemSynchronizedRootGroup; explicitFileTypes = {}; explicitFolders = (); path = Core; sourceTree = "<group>"; };
		EF1B11C92F350E620037AC66 /* Views */ = {isa = PBXFileSystemSynchronizedRootGroup; explicitFileTypes = {}; explicitFolders = (); path = Views; sourceTree = "<group>"; };
		EF84394E2F3A29CB00437824 /* Docs */ = {isa = PBXFileSystemSynchronizedRootGroup; explicitFileTypes = {}; explicitFolders = (); path = Docs; sourceTree = "<group>"; };
/* End PBXFileSystemSynchronizedRootGroup section */

/* Begin PBXFrameworksBuildPhase section */
		EF917E482C35B3E900494D65 /* Frameworks */ = {
			isa = PBXFrameworksBuildPhase;
			buildActionMask = 2147483647;
			files = (
				EF1B11B92F35071C0037AC66 /* FirebaseDatabase in Frameworks */,
				EF84392A2F3587AF00437824 /* GooglePlacesSwift in Frameworks */,
				EF8439282F3587AF00437824 /* GooglePlaces in Frameworks */,
				EF1B11B72F35071C0037AC66 /* FirebaseCore in Frameworks */,
				EF1B11B52F35071C0037AC66 /* FirebaseAuth in Frameworks */,
			);
			runOnlyForDeploymentPostprocessing = 0;
		};
/* End PBXFrameworksBuildPhase section */

/* Begin PBXGroup section */
		EF917E422C35B3E900494D65 = {
			isa = PBXGroup;
			children = (
				EF84394E2F3A29CB00437824 /* Docs */,
				EFC0993F2F0C591A00D59CBE /* GoogleService-Info.plist */,
				EF917E4D2C35B3E900494D65 /* Whats REAL */,
				EF917E4C2C35B3E900494D65 /* Products */,
			);
			sourceTree = "<group>";
		};
		EF917E4C2C35B3E900494D65 /* Products */ = {
			isa = PBXGroup;
			children = (
				EF917E4B2C35B3E900494D65 /* Whats REAL.app */,
			);
			name = Products;
			sourceTree = "<group>";
		};
		EF917E4D2C35B3E900494D65 /* Whats REAL */ = {
			isa = PBXGroup;
			children = (
				EF917E4E2C35B3E900494D65 /* Whats_REALApp.swift */,
				EF1B11C92F350E620037AC66 /* Views */,
				EF1B11C22F350D1B0037AC66 /* Core */,
				EF1B11CE2F350F960037AC66 /* Services/FirebaseAuthService.swift */,
				EF1B11D02F35105B0037AC66 /* Features/Auth/AuthViewModel.swift */,
				EFB626F42F3512C6001B41EC /* Preview Content */,
			);
			path = "Whats REAL";
			sourceTree = "<group>";
		};
		EFB626F42F3512C6001B41EC /* Preview Content */ = {
			isa = PBXGroup;
			children = (
				EFB626F22F3512C6001B41EC /* Assets.xcassets */,
				EFB626F32F3512C6001B41EC /* Preview Assets.xcassets */,
			);
			path = "Preview Content";
			sourceTree = "<group>";
		};
/* End PBXGroup section */

/* Begin PBXNativeTarget section */
		EF917E4A2C35B3E900494D65 /* Whats REAL */ = {
			isa = PBXNativeTarget;
			buildConfigurationList = EF917E592C35B3EB00494D65 /* Build configuration list for PBXNativeTarget "Whats REAL" */;
			buildPhases = (
				EF917E472C35B3E900494D65 /* Sources */,
				EF917E482C35B3E900494D65 /* Frameworks */,
				EF917E492C35B3E900494D65 /* Resources */,
			);
			buildRules = (
			);
			dependencies = (
			);
			fileSystemSynchronizedGroups = (
				EF1B11C22F350D1B0037AC66 /* Core */,
				EF1B11C92F350E620037AC66 /* Views */,
				EF84394E2F3A29CB00437824 /* Docs */,
			);
			name = "Whats REAL";
			productName = "Whats REAL";
			productReference = EF917E4B2C35B3E900494D65 /* Whats REAL.app */;
			productType = "com.apple.product-type.application";
		};
/* End PBXNativeTarget section */

/* Begin PBXProject section */
		EF917E432C35B3E900494D65 /* Project object */ = {
			isa = PBXProject;
			attributes = {
				BuildIndependentTargetsInParallel = 1;
				LastSwiftUpdateCheck = 1540;
				LastUpgradeCheck = 2630;
				TargetAttributes = {
					EF917E4A2C35B3E900494D65 = {
						CreatedOnToolsVersion = 15.4;
					};
				};
			};
			buildConfigurationList = EF917E462C35B3E900494D65 /* Build configuration list for PBXProject "Whats REAL" */;
			compatibilityVersion = "Xcode 14.0";
			developmentRegion = en;
			hasScannedForEncodings = 0;
			knownRegions = (
				en,
				Base,
			);
			mainGroup = EF917E422C35B3E900494D65;
			packageReferences = (
				EF1B11B32F35071C0037AC66 /* XCRemoteSwiftPackageReference "firebase-ios-sdk" */,
				EF8439262F3587AF00437824 /* XCRemoteSwiftPackageReference "ios-places-sdk" */,
			);
			productRefGroup = EF917E4C2C35B3E900494D65 /* Products */;
			projectDirPath = "";
			projectRoot = "";
			targets = (
				EF917E4A2C35B3E900494D65 /* Whats REAL */,
			);
		};
/* End PBXProject section */

/* Begin PBXResourcesBuildPhase section */
		EF917E492C35B3E900494D65 /* Resources */ = {
			isa = PBXResourcesBuildPhase;
			buildActionMask = 2147483647;
			files = (
				EFB626F52F3512C6001B41EC /* Assets.xcassets in Resources */,
				EFB626F62F3512C6001B41EC /* Preview Assets.xcassets in Resources */,
				EFC099402F0C591A00D59CBE /* GoogleService-Info.plist in Resources */,
			);
			runOnlyForDeploymentPostprocessing = 0;
		};
/* End PBXResourcesBuildPhase section */

/* Begin PBXSourcesBuildPhase section */
		EF917E472C35B3E900494D65 /* Sources */ = {
			isa = PBXSourcesBuildPhase;
			buildActionMask = 2147483647;
			files = (
				EF1B11CF2F350F960037AC66 /* Services/FirebaseAuthService.swift in Sources */,
				EF1B11D12F35105B0037AC66 /* Features/Auth/AuthViewModel.swift in Sources */,
				EF917E4F2C35B3E900494D65 /* Whats_REALApp.swift in Sources */,
			);
			runOnlyForDeploymentPostprocessing = 0;
		};
/* End PBXSourcesBuildPhase section */

/* Begin XCBuildConfiguration section */
		EF917E572C35B3EB00494D65 /* Debug */ = {
			isa = XCBuildConfiguration;
			buildSettings = {
				ALWAYS_SEARCH_USER_PATHS = NO;
				ASSETCATALOG_COMPILER_GENERATE_SWIFT_ASSET_SYMBOL_EXTENSIONS = YES;
				CLANG_ANALYZER_NONNULL = YES;
				CLANG_ANALYZER_NUMBER_OBJECT_CONVERSION = YES_AGGRESSIVE;
				CLANG_CXX_LANGUAGE_STANDARD = "gnu++20";
				CLANG_ENABLE_MODULES = YES;
				CLANG_ENABLE_OBJC_ARC = YES;
				CLANG_ENABLE_OBJC_WEAK = YES;
				CLANG_WARN_BLOCK_CAPTURE_AUTORELEASING = YES;
				CLANG_WARN_BOOL_CONVERSION = YES;
				CLANG_WARN_COMMA = YES;
				CLANG_WARN_CONSTANT_CONVERSION = YES;
				CLANG_WARN_DEPRECATED_OBJC_IMPLEMENTATIONS = YES;
				CLANG_WARN_DIRECT_OBJC_ISA_USAGE = YES_ERROR;
				CLANG_WARN_DOCUMENTATION_COMMENTS = YES;
				CLANG_WARN_EMPTY_BODY = YES;
				CLANG_WARN_ENUM_CONVERSION = YES;
				CLANG_WARN_INFINITE_RECURSION = YES;
				CLANG_WARN_INT_CONVERSION = YES;
				CLANG_WARN_NON_LITERAL_NULL_CONVERSION = YES;
				CLANG_WARN_OBJC_IMPLICIT_RETAIN_SELF = YES;
				CLANG_WARN_OBJC_LITERAL_CONVERSION = YES;
				CLANG_WARN_OBJC_ROOT_CLASS = YES_ERROR;
				CLANG_WARN_QUOTED_INCLUDE_IN_FRAMEWORK_HEADER = YES;
				CLANG_WARN_RANGE_LOOP_ANALYSIS = YES;
				CLANG_WARN_STRICT_PROTOTYPES = YES;
				CLANG_WARN_SUSPICIOUS_MOVE = YES;
				CLANG_WARN_UNGUARDED_AVAILABILITY = YES_AGGRESSIVE;
				CLANG_WARN_UNREACHABLE_CODE = YES;
				CLANG_WARN__DUPLICATE_METHOD_MATCH = YES;
				COPY_PHASE_STRIP = NO;
				DEBUG_INFORMATION_FORMAT = dwarf;
				DEVELOPMENT_TEAM = GTL2PGX2TX;
				ENABLE_STRICT_OBJC_MSGSEND = YES;
				ENABLE_TESTABILITY = YES;
				ENABLE_USER_SCRIPT_SANDBOXING = YES;
				GCC_C_LANGUAGE_STANDARD = gnu17;
				GCC_DYNAMIC_NO_PIC = NO;
				GCC_NO_COMMON_BLOCKS = YES;
				GCC_OPTIMIZATION_LEVEL = 0;
				GCC_PREPROCESSOR_DEFINITIONS = (
					"DEBUG=1",
					"$(inherited)",
				);
				GCC_WARN_64_TO_32_BIT_CONVERSION = YES;
				GCC_WARN_ABOUT_RETURN_TYPE = YES_ERROR;
				GCC_WARN_UNDECLARED_SELECTOR = YES;
				GCC_WARN_UNINITIALIZED_AUTOS = YES_AGGRESSIVE;
				GCC_WARN_UNUSED_FUNCTION = YES;
				GCC_WARN_UNUSED_VARIABLE = YES;
				IPHONEOS_DEPLOYMENT_TARGET = 17.5;
				LOCALIZATION_PREFERS_STRING_CATALOGS = YES;
				MTL_ENABLE_DEBUG_INFO = INCLUDE_SOURCE;
				MTL_FAST_MATH = YES;
				ONLY_ACTIVE_ARCH = YES;
				SDKROOT = iphoneos;
				STRING_CATALOG_GENERATE_SYMBOLS = YES;
				SWIFT_ACTIVE_COMPILATION_CONDITIONS = "DEBUG $(inherited)";
				SWIFT_OPTIMIZATION_LEVEL = "-Onone";
			};
			name = Debug;
		};
		EF917E582C35B3EB00494D65 /* Release */ = {
			isa = XCBuildConfiguration;
			buildSettings = {
				ALWAYS_SEARCH_USER_PATHS = NO;
				ASSETCATALOG_COMPILER_GENERATE_SWIFT_ASSET_SYMBOL_EXTENSIONS = YES;
				CLANG_ANALYZER_NONNULL = YES;
				CLANG_ANALYZER_NUMBER_OBJECT_CONVERSION = YES_AGGRESSIVE;
				CLANG_CXX_LANGUAGE_STANDARD = "gnu++20";
				CLANG_ENABLE_MODULES = YES;
				CLANG_ENABLE_OBJC_ARC = YES;
				CLANG_ENABLE_OBJC_WEAK = YES;
				CLANG_WARN_BLOCK_CAPTURE_AUTORELEASING = YES;
				CLANG_WARN_BOOL_CONVERSION = YES;
				CLANG_WARN_COMMA = YES;
				CLANG_WARN_CONSTANT_CONVERSION = YES;
				CLANG_WARN_DEPRECATED_OBJC_IMPLEMENTATIONS = YES;
				CLANG_WARN_DIRECT_OBJC_ISA_USAGE = YES_ERROR;
				CLANG_WARN_DOCUMENTATION_COMMENTS = YES;
				CLANG_WARN_EMPTY_BODY = YES;
				CLANG_WARN_ENUM_CONVERSION = YES;
				CLANG_WARN_INFINITE_RECURSION = YES;
				CLANG_WARN_INT_CONVERSION = YES;
				CLANG_WARN_NON_LITERAL_NULL_CONVERSION = YES;
				CLANG_WARN_OBJC_IMPLICIT_RETAIN_SELF = YES;
				CLANG_WARN_OBJC_LITERAL_CONVERSION = YES;
				CLANG_WARN_OBJC_ROOT_CLASS = YES_ERROR;
				CLANG_WARN_QUOTED_INCLUDE_IN_FRAMEWORK_HEADER = YES;
				CLANG_WARN_RANGE_LOOP_ANALYSIS = YES;
				CLANG_WARN_STRICT_PROTOTYPES = YES;
				CLANG_WARN_SUSPICIOUS_MOVE = YES;
				CLANG_WARN_UNGUARDED_AVAILABILITY = YES_AGGRESSIVE;
				CLANG_WARN_UNREACHABLE_CODE = YES;
				CLANG_WARN__DUPLICATE_METHOD_MATCH = YES;
				COPY_PHASE_STRIP = NO;
				DEBUG_INFORMATION_FORMAT = "dwarf-with-dsym";
				DEVELOPMENT_TEAM = GTL2PGX2TX;
				ENABLE_NS_ASSERTIONS = NO;
				ENABLE_STRICT_OBJC_MSGSEND = YES;
				ENABLE_USER_SCRIPT_SANDBOXING = YES;
				GCC_C_LANGUAGE_STANDARD = gnu17;
				GCC_NO_COMMON_BLOCKS = YES;
				GCC_WARN_64_TO_32_BIT_CONVERSION = YES;
				GCC_WARN_ABOUT_RETURN_TYPE = YES_ERROR;
				GCC_WARN_UNDECLARED_SELECTOR = YES;
				GCC_WARN_UNINITIALIZED_AUTOS = YES_AGGRESSIVE;
				GCC_WARN_UNUSED_FUNCTION = YES;
				GCC_WARN_UNUSED_VARIABLE = YES;
				IPHONEOS_DEPLOYMENT_TARGET = 17.5;
				LOCALIZATION_PREFERS_STRING_CATALOGS = YES;
				MTL_ENABLE_DEBUG_INFO = NO;
				MTL_FAST_MATH = YES;
				SDKROOT = iphoneos;
				STRING_CATALOG_GENERATE_SYMBOLS = YES;
				SWIFT_COMPILATION_MODE = wholemodule;
				VALIDATE_PRODUCT = YES;
			};
			name = Release;
		};
		EF917E5A2C35B3EB00494D65 /* Debug */ = {
			isa = XCBuildConfiguration;
			buildSettings = {
				ASSETCATALOG_COMPILER_APPICON_NAME = AppIcon;
				ASSETCATALOG_COMPILER_GLOBAL_ACCENT_COLOR_NAME = AccentColor;
				CODE_SIGN_STYLE = Automatic;
				CURRENT_PROJECT_VERSION = 1;
				DEVELOPMENT_ASSET_PATHS = "\"Whats REAL/Preview Content\"";
				ENABLE_PREVIEWS = YES;
				ENABLE_USER_SCRIPT_SANDBOXING = NO;
				GENERATE_INFOPLIST_FILE = YES;
				INFOPLIST_KEY_UIApplicationSceneManifest_Generation = YES;
				INFOPLIST_KEY_UIApplicationSupportsIndirectInputEvents = YES;
				INFOPLIST_KEY_UILaunchScreen_Generation = YES;
				INFOPLIST_KEY_UISupportedInterfaceOrientations_iPad = "UIInterfaceOrientationPortrait UIInterfaceOrientationPortraitUpsideDown UIInterfaceOrientationLandscapeLeft UIInterfaceOrientationLandscapeRight";
				INFOPLIST_KEY_UISupportedInterfaceOrientations_iPhone = "UIInterfaceOrientationPortrait UIInterfaceOrientationLandscapeLeft UIInterfaceOrientationLandscapeRight";
				IPHONEOS_DEPLOYMENT_TARGET = 18.6;
				LD_RUNPATH_SEARCH_PATHS = (
					"$(inherited)",
					"@executable_path/Frameworks",
				);
				MARKETING_VERSION = 1.0;
				PRODUCT_BUNDLE_IDENTIFIER = "com.swiftUi.identifier.Whats-REAL";
				PRODUCT_NAME = "$(TARGET_NAME)";
				SWIFT_EMIT_LOC_STRINGS = YES;
				SWIFT_VERSION = 5.0;
				TARGETED_DEVICE_FAMILY = "1,2";
			};
			name = Debug;
		};
		EF917E5B2C35B3EB00494D65 /* Release */ = {
			isa = XCBuildConfiguration;
			buildSettings = {
				ASSETCATALOG_COMPILER_APPICON_NAME = AppIcon;
				ASSETCATALOG_COMPILER_GLOBAL_ACCENT_COLOR_NAME = AccentColor;
				CODE_SIGN_STYLE = Automatic;
				CURRENT_PROJECT_VERSION = 1;
				DEVELOPMENT_ASSET_PATHS = "\"Whats REAL/Preview Content\"";
				ENABLE_PREVIEWS = YES;
				ENABLE_USER_SCRIPT_SANDBOXING = NO;
				GENERATE_INFOPLIST_FILE = YES;
				INFOPLIST_KEY_UIApplicationSceneManifest_Generation = YES;
				INFOPLIST_KEY_UIApplicationSupportsIndirectInputEvents = YES;
				INFOPLIST_KEY_UILaunchScreen_Generation = YES;
				INFOPLIST_KEY_UISupportedInterfaceOrientations_iPad = "UIInterfaceOrientationPortrait UIInterfaceOrientationPortraitUpsideDown UIInterfaceOrientationLandscapeLeft UIInterfaceOrientationLandscapeRight";
				INFOPLIST_KEY_UISupportedInterfaceOrientations_iPhone = "UIInterfaceOrientationPortrait UIInterfaceOrientationLandscapeLeft UIInterfaceOrientationLandscapeRight";
				IPHONEOS_DEPLOYMENT_TARGET = 18.6;
				LD_RUNPATH_SEARCH_PATHS = (
					"$(inherited)",
					"@executable_path/Frameworks",
				);
				MARKETING_VERSION = 1.0;
				PRODUCT_BUNDLE_IDENTIFIER = "com.swiftUi.identifier.Whats-REAL";
				PRODUCT_NAME = "$(TARGET_NAME)";
				SWIFT_EMIT_LOC_STRINGS = YES;
				SWIFT_VERSION = 5.0;
				TARGETED_DEVICE_FAMILY = "1,2";
			};
			name = Release;
		};
/* End XCBuildConfiguration section */

/* Begin XCConfigurationList section */
		EF917E462C35B3E900494D65 /* Build configuration list for PBXProject "Whats REAL" */ = {
			isa = XCConfigurationList;
			buildConfigurations = (
				EF917E572C35B3EB00494D65 /* Debug */,
				EF917E582C35B3EB00494D65 /* Release */,
			);
			defaultConfigurationIsVisible = 0;
			defaultConfigurationName = Debug;
		};
		EF917E592C35B3EB00494D65 /* Build configuration list for PBXNativeTarget "Whats REAL" */ = {
			isa = XCConfigurationList;
			buildConfigurations = (
				EF917E5A2C35B3EB00494D65 /* Debug */,
				EF917E5B2C35B3EB00494D65 /* Release */,
			);
			defaultConfigurationIsVisible = 0;
			defaultConfigurationName = Debug;
		};
/* End XCConfigurationList section */

/* Begin XCRemoteSwiftPackageReference section */
		EF1B11B32F35071C0037AC66 /* XCRemoteSwiftPackageReference "firebase-ios-sdk" */ = {
			isa = XCRemoteSwiftPackageReference;
			repositoryURL = "https://github.com/firebase/firebase-ios-sdk";
			requirement = {
				kind = upToNextMajorVersion;
				minimumVersion = 12.9.0;
			};
		};
		EF8439262F3587AF00437824 /* XCRemoteSwiftPackageReference "ios-places-sdk" */ = {
			isa = XCRemoteSwiftPackageReference;
			repositoryURL = "https://github.com/googlemaps/ios-places-sdk";
			requirement = {
				kind = upToNextMajorVersion;
				minimumVersion = 10.8.0;
			};
		};
/* End XCRemoteSwiftPackageReference section */

/* Begin XCSwiftPackageProductDependency section */
		EF1B11B42F35071C0037AC66 /* FirebaseAuth */ = {
			isa = XCSwiftPackageProductDependency;
			package = EF1B11B32F35071C0037AC66 /* XCRemoteSwiftPackageReference "firebase-ios-sdk" */;
			productName = FirebaseAuth;
		};
		EF1B11B62F35071C0037AC66 /* FirebaseCore */ = {
			isa = XCSwiftPackageProductDependency;
			package = EF1B11B32F35071C0037AC66 /* XCRemoteSwiftPackageReference "firebase-ios-sdk" */;
			productName = FirebaseCore;
		};
		EF1B11B82F35071C0037AC66 /* FirebaseDatabase */ = {
			isa = XCSwiftPackageProductDependency;
			package = EF1B11B32F35071C0037AC66 /* XCRemoteSwiftPackageReference "firebase-ios-sdk" */;
			productName = FirebaseDatabase;
		};
		EF8439272F3587AF00437824 /* GooglePlaces */ = {
			isa = XCSwiftPackageProductDependency;
			package = EF8439262F3587AF00437824 /* XCRemoteSwiftPackageReference "ios-places-sdk" */;
			productName = GooglePlaces;
		};
		EF8439292F3587AF00437824 /* GooglePlacesSwift */ = {
			isa = XCSwiftPackageProductDependency;
			package = EF8439262F3587AF00437824 /* XCRemoteSwiftPackageReference "ios-places-sdk" */;
			productName = GooglePlacesSwift;
		};
/* End XCSwiftPackageProductDependency section */
	};
	rootObject = EF917E432C35B3E900494D65 /* Project object */;
}
