// !$*UTF8*$!
{
	archiveVersion = 1;
	classes = {
	};
	objectVersion = 56;
	objects = {

/* Begin PBXBuildFile section */
		E87591FD68A181507129B118 /* Pods_Whats_REAL.framework in Frameworks */ = {isa = PBXBuildFile; fileRef = F28DE4BADBCAE97BFE70DB46 /* Pods_Whats_REAL.framework */; };
		EF917E4F2C35B3E900494D65 /* Whats_REALApp.swift in Sources */ = {isa = PBXBuildFile; fileRef = EF917E4E2C35B3E900494D65 /* Whats_REALApp.swift */; };
		EF917E512C35B3E900494D65 /* ContentView.swift in Sources */ = {isa = PBXBuildFile; fileRef = EF917E502C35B3E900494D65 /* ContentView.swift */; };
		EF917E532C35B3EB00494D65 /* Assets.xcassets in Resources */ = {isa = PBXBuildFile; fileRef = EF917E522C35B3EB00494D65 /* Assets.xcassets */; };
		EF917E562C35B3EB00494D65 /* Preview Assets.xcassets in Resources */ = {isa = PBXBuildFile; fileRef = EF917E552C35B3EB00494D65 /* Preview Assets.xcassets */; };
		EF917E5D2C35B44500494D65 /* GoogleService-Info.plist in Resources */ = {isa = PBXBuildFile; fileRef = EF917E5C2C35B44400494D65 /* GoogleService-Info.plist */; };
		EF917E5F2C35B91200494D65 /* SignUpView.swift in Sources */ = {isa = PBXBuildFile; fileRef = EF917E5E2C35B91200494D65 /* SignUpView.swift */; };
/* End PBXBuildFile section */

/* Begin PBXFileReference section */
		1106CA60BC9B047C63E8AE59 /* Pods-Whats REAL.release.xcconfig */ = {isa = PBXFileReference; includeInIndex = 1; lastKnownFileType = text.xcconfig; name = "Pods-Whats REAL.release.xcconfig"; path = "Target Support Files/Pods-Whats REAL/Pods-Whats REAL.release.xcconfig"; sourceTree = "<group>"; };
		4A1A3A2C51C4B88BBC77EA11 /* Pods-Whats REAL.debug.xcconfig */ = {isa = PBXFileReference; includeInIndex = 1; lastKnownFileType = text.xcconfig; name = "Pods-Whats REAL.debug.xcconfig"; path = "Target Support Files/Pods-Whats REAL/Pods-Whats REAL.debug.xcconfig"; sourceTree = "<group>"; };
		EF917E4B2C35B3E900494D65 /* Whats REAL.app */ = {isa = PBXFileReference; explicitFileType = wrapper.application; includeInIndex = 0; path = "Whats REAL.app"; sourceTree = BUILT_PRODUCTS_DIR; };
		EF917E4E2C35B3E900494D65 /* Whats_REALApp.swift */ = {isa = PBXFileReference; lastKnownFileType = sourcecode.swift; path = Whats_REALApp.swift; sourceTree = "<group>"; };
		EF917E502C35B3E900494D65 /* ContentView.swift */ = {isa = PBXFileReference; lastKnownFileType = sourcecode.swift; path = ContentView.swift; sourceTree = "<group>"; };
		EF917E522C35B3EB00494D65 /* Assets.xcassets */ = {isa = PBXFileReference; lastKnownFileType = folder.assetcatalog; path = Assets.xcassets; sourceTree = "<group>"; };
		EF917E552C35B3EB00494D65 /* Preview Assets.xcassets */ = {isa = PBXFileReference; lastKnownFileType = folder.assetcatalog; path = "Preview Assets.xcassets"; sourceTree = "<group>"; };
		EF917E5C2C35B44400494D65 /* GoogleService-Info.plist */ = {isa = PBXFileReference; fileEncoding = 4; lastKnownFileType = text.plist.xml; path = "GoogleService-Info.plist"; sourceTree = "<group>"; };
		EF917E5E2C35B91200494D65 /* SignUpView.swift */ = {isa = PBXFileReference; lastKnownFileType = sourcecode.swift; path = SignUpView.swift; sourceTree = "<group>"; };
		F28DE4BADBCAE97BFE70DB46 /* Pods_Whats_REAL.framework */ = {isa = PBXFileReference; explicitFileType = wrapper.framework; includeInIndex = 0; path = Pods_Whats_REAL.framework; sourceTree = BUILT_PRODUCTS_DIR; };
/* End PBXFileReference section */

/* Begin PBXFrameworksBuildPhase section */
		EF917E482C35B3E900494D65 /* Frameworks */ = {
			isa = PBXFrameworksBuildPhase;
			buildActionMask = 2147483647;
			files = (
				E87591FD68A181507129B118 /* Pods_Whats_REAL.framework in Frameworks */,
			);
			runOnlyForDeploymentPostprocessing = 0;
		};
/* End PBXFrameworksBuildPhase section */

/* Begin PBXGroup section */
		5DEF01A10A673E7377FEC243 /* Pods */ = {
			isa = PBXGroup;
			children = (
				4A1A3A2C51C4B88BBC77EA11 /* Pods-Whats REAL.debug.xcconfig */,
				1106CA60BC9B047C63E8AE59 /* Pods-Whats REAL.release.xcconfig */,
			);
			path = Pods;
			sourceTree = "<group>";
		};
		DDE5EEF15A381C8F04D1160D /* Frameworks */ = {
			isa = PBXGroup;
			children = (
				F28DE4BADBCAE97BFE70DB46 /* Pods_Whats_REAL.framework */,
			);
			name = Frameworks;
			sourceTree = "<group>";
		};
		EF917E422C35B3E900494D65 = {
			isa = PBXGroup;
			children = (
				EF917E4D2C35B3E900494D65 /* Whats REAL */,
				EF917E4C2C35B3E900494D65 /* Products */,
				5DEF01A10A673E7377FEC243 /* Pods */,
				DDE5EEF15A381C8F04D1160D /* Frameworks */,
			);
			sourceTree = "<group>";
		};
		EF917E4C2C35B3E900494D65 /* Products */ = {
			isa = PBXGroup;
			children = (
				EF917E4B2C35B3E900494D65 /* Whats REAL.app */,
			);
			name = Products;
			sourceTree = "<group>";
		};
		EF917E4D2C35B3E900494D65 /* Whats REAL */ = {
			isa = PBXGroup;
			children = (
				EF917E4E2C35B3E900494D65 /* Whats_REALApp.swift */,
				EF917E502C35B3E900494D65 /* ContentView.swift */,
				EF917E5E2C35B91200494D65 /* SignUpView.swift */,
				EF917E5C2C35B44400494D65 /* GoogleService-Info.plist */,
				EF917E522C35B3EB00494D65 /* Assets.xcassets */,
				EF917E542C35B3EB00494D65 /* Preview Content */,
			);
			path = "Whats REAL";
			sourceTree = "<group>";
		};
		EF917E542C35B3EB00494D65 /* Preview Content */ = {
			isa = PBXGroup;
			children = (
				EF917E552C35B3EB00494D65 /* Preview Assets.xcassets */,
			);
			path = "Preview Content";
			sourceTree = "<group>";
		};
/* End PBXGroup section */

/* Begin PBXNativeTarget section */
		EF917E4A2C35B3E900494D65 /* Whats REAL */ = {
			isa = PBXNativeTarget;
			buildConfigurationList = EF917E592C35B3EB00494D65 /* Build configuration list for PBXNativeTarget "Whats REAL" */;
			buildPhases = (
				F4B2B34D56AB95751942B0B8 /* [CP] Check Pods Manifest.lock */,
				EF917E472C35B3E900494D65 /* Sources */,
				EF917E482C35B3E900494D65 /* Frameworks */,
				EF917E492C35B3E900494D65 /* Resources */,
				25254240042CC653E984AD51 /* [CP] Embed Pods Frameworks */,
			);
			buildRules = (
			);
			dependencies = (
			);
			name = "Whats REAL";
			productName = "Whats REAL";
			productReference = EF917E4B2C35B3E900494D65 /* Whats REAL.app */;
			productType = "com.apple.product-type.application";
		};
/* End PBXNativeTarget section */

/* Begin PBXProject section */
		EF917E432C35B3E900494D65 /* Project object */ = {
			isa = PBXProject;
			attributes = {
				BuildIndependentTargetsInParallel = 1;
				LastSwiftUpdateCheck = 1540;
				LastUpgradeCheck = 1540;
				TargetAttributes = {
					EF917E4A2C35B3E900494D65 = {
						CreatedOnToolsVersion = 15.4;
					};
				};
			};
			buildConfigurationList = EF917E462C35B3E900494D65 /* Build configuration list for PBXProject "Whats REAL" */;
			compatibilityVersion = "Xcode 14.0";
			developmentRegion = en;
			hasScannedForEncodings = 0;
			knownRegions = (
				en,
				Base,
			);
			mainGroup = EF917E422C35B3E900494D65;
			productRefGroup = EF917E4C2C35B3E900494D65 /* Products */;
			projectDirPath = "";
			projectRoot = "";
			targets = (
				EF917E4A2C35B3E900494D65 /* Whats REAL */,
			);
		};
/* End PBXProject section */

/* Begin PBXResourcesBuildPhase section */
		EF917E492C35B3E900494D65 /* Resources */ = {
			isa = PBXResourcesBuildPhase;
			buildActionMask = 2147483647;
			files = (
				EF917E562C35B3EB00494D65 /* Preview Assets.xcassets in Resources */,
				EF917E532C35B3EB00494D65 /* Assets.xcassets in Resources */,
				EF917E5D2C35B44500494D65 /* GoogleService-Info.plist in Resources */,
			);
			runOnlyForDeploymentPostprocessing = 0;
		};
/* End PBXResourcesBuildPhase section */

/* Begin PBXShellScriptBuildPhase section */
		25254240042CC653E984AD51 /* [CP] Embed Pods Frameworks */ = {
			isa = PBXShellScriptBuildPhase;
			buildActionMask = 2147483647;
			files = (
			);
			inputFileListPaths = (
				"${PODS_ROOT}/Target Support Files/Pods-Whats REAL/Pods-Whats REAL-frameworks-${CONFIGURATION}-input-files.xcfilelist",
			);
			name = "[CP] Embed Pods Frameworks";
			outputFileListPaths = (
				"${PODS_ROOT}/Target Support Files/Pods-Whats REAL/Pods-Whats REAL-frameworks-${CONFIGURATION}-output-files.xcfilelist",
			);
			runOnlyForDeploymentPostprocessing = 0;
			shellPath = /bin/sh;
			shellScript = "\"${PODS_ROOT}/Target Support Files/Pods-Whats REAL/Pods-Whats REAL-frameworks.sh\"\n";
			showEnvVarsInLog = 0;
		};
		F4B2B34D56AB95751942B0B8 /* [CP] Check Pods Manifest.lock */ = {
			isa = PBXShellScriptBuildPhase;
			buildActionMask = 2147483647;
			files = (
			);
			inputFileListPaths = (
			);
			inputPaths = (
				"${PODS_PODFILE_DIR_PATH}/Podfile.lock",
				"${PODS_ROOT}/Manifest.lock",
			);
			name = "[CP] Check Pods Manifest.lock";
			outputFileListPaths = (
			);
			outputPaths = (
				"$(DERIVED_FILE_DIR)/Pods-Whats REAL-checkManifestLockResult.txt",
			);
			runOnlyForDeploymentPostprocessing = 0;
			shellPath = /bin/sh;
			shellScript = "diff \"${PODS_PODFILE_DIR_PATH}/Podfile.lock\" \"${PODS_ROOT}/Manifest.lock\" > /dev/null\nif [ $? != 0 ] ; then\n    # print error to STDERR\n    echo \"error: The sandbox is not in sync with the Podfile.lock. Run 'pod install' or update your CocoaPods installation.\" >&2\n    exit 1\nfi\n# This output is used by Xcode 'outputs' to avoid re-running this script phase.\necho \"SUCCESS\" > \"${SCRIPT_OUTPUT_FILE_0}\"\n";
			showEnvVarsInLog = 0;
		};
/* End PBXShellScriptBuildPhase section */

/* Begin PBXSourcesBuildPhase section */
		EF917E472C35B3E900494D65 /* Sources */ = {
			isa = PBXSourcesBuildPhase;
			buildActionMask = 2147483647;
			files = (
				EF917E512C35B3E900494D65 /* ContentView.swift in Sources */,
				EF917E4F2C35B3E900494D65 /* Whats_REALApp.swift in Sources */,
				EF917E5F2C35B91200494D65 /* SignUpView.swift in Sources */,
			);
			runOnlyForDeploymentPostprocessing = 0;
		};
/* End PBXSourcesBuildPhase section */

/* Begin XCBuildConfiguration section */
		EF917E572C35B3EB00494D65 /* Debug */ = {
			isa = XCBuildConfiguration;
			buildSettings = {
				ALWAYS_SEARCH_USER_PATHS = NO;
				ASSETCATALOG_COMPILER_GENERATE_SWIFT_ASSET_SYMBOL_EXTENSIONS = YES;
				CLANG_ANALYZER_NONNULL = YES;
				CLANG_ANALYZER_NUMBER_OBJECT_CONVERSION = YES_AGGRESSIVE;
				CLANG_CXX_LANGUAGE_STANDARD = "gnu++20";
				CLANG_ENABLE_MODULES = YES;
				CLANG_ENABLE_OBJC_ARC = YES;
				CLANG_ENABLE_OBJC_WEAK = YES;
				CLANG_WARN_BLOCK_CAPTURE_AUTORELEASING = YES;
				CLANG_WARN_BOOL_CONVERSION = YES;
				CLANG_WARN_COMMA = YES;
				CLANG_WARN_CONSTANT_CONVERSION = YES;
				CLANG_WARN_DEPRECATED_OBJC_IMPLEMENTATIONS = YES;
				CLANG_WARN_DIRECT_OBJC_ISA_USAGE = YES_ERROR;
				CLANG_WARN_DOCUMENTATION_COMMENTS = YES;
				CLANG_WARN_EMPTY_BODY = YES;
				CLANG_WARN_ENUM_CONVERSION = YES;
				CLANG_WARN_INFINITE_RECURSION = YES;
				CLANG_WARN_INT_CONVERSION = YES;
				CLANG_WARN_NON_LITERAL_NULL_CONVERSION = YES;
				CLANG_WARN_OBJC_IMPLICIT_RETAIN_SELF = YES;
				CLANG_WARN_OBJC_LITERAL_CONVERSION = YES;
				CLANG_WARN_OBJC_ROOT_CLASS = YES_ERROR;
				CLANG_WARN_QUOTED_INCLUDE_IN_FRAMEWORK_HEADER = YES;
				CLANG_WARN_RANGE_LOOP_ANALYSIS = YES;
				CLANG_WARN_STRICT_PROTOTYPES = YES;
				CLANG_WARN_SUSPICIOUS_MOVE = YES;
				CLANG_WARN_UNGUARDED_AVAILABILITY = YES_AGGRESSIVE;
				CLANG_WARN_UNREACHABLE_CODE = YES;
				CLANG_WARN__DUPLICATE_METHOD_MATCH = YES;
				COPY_PHASE_STRIP = NO;
				DEBUG_INFORMATION_FORMAT = dwarf;
				ENABLE_STRICT_OBJC_MSGSEND = YES;
				ENABLE_TESTABILITY = YES;
				ENABLE_USER_SCRIPT_SANDBOXING = YES;
				GCC_C_LANGUAGE_STANDARD = gnu17;
				GCC_DYNAMIC_NO_PIC = NO;
				GCC_NO_COMMON_BLOCKS = YES;
				GCC_OPTIMIZATION_LEVEL = 0;
				GCC_PREPROCESSOR_DEFINITIONS = (
					"DEBUG=1",
					"$(inherited)",
				);
				GCC_WARN_64_TO_32_BIT_CONVERSION = YES;
				GCC_WARN_ABOUT_RETURN_TYPE = YES_ERROR;
				GCC_WARN_UNDECLARED_SELECTOR = YES;
				GCC_WARN_UNINITIALIZED_AUTOS = YES_AGGRESSIVE;
				GCC_WARN_UNUSED_FUNCTION = YES;
				GCC_WARN_UNUSED_VARIABLE = YES;
				IPHONEOS_DEPLOYMENT_TARGET = 17.5;
				LOCALIZATION_PREFERS_STRING_CATALOGS = YES;
				MTL_ENABLE_DEBUG_INFO = INCLUDE_SOURCE;
				MTL_FAST_MATH = YES;
				ONLY_ACTIVE_ARCH = YES;
				SDKROOT = iphoneos;
				SWIFT_ACTIVE_COMPILATION_CONDITIONS = "DEBUG $(inherited)";
				SWIFT_OPTIMIZATION_LEVEL = "-Onone";
			};
			name = Debug;
		};
		EF917E582C35B3EB00494D65 /* Release */ = {
			isa = XCBuildConfiguration;
			buildSettings = {
				ALWAYS_SEARCH_USER_PATHS = NO;
				ASSETCATALOG_COMPILER_GENERATE_SWIFT_ASSET_SYMBOL_EXTENSIONS = YES;
				CLANG_ANALYZER_NONNULL = YES;
				CLANG_ANALYZER_NUMBER_OBJECT_CONVERSION = YES_AGGRESSIVE;
				CLANG_CXX_LANGUAGE_STANDARD = "gnu++20";
				CLANG_ENABLE_MODULES = YES;
				CLANG_ENABLE_OBJC_ARC = YES;
				CLANG_ENABLE_OBJC_WEAK = YES;
				CLANG_WARN_BLOCK_CAPTURE_AUTORELEASING = YES;
				CLANG_WARN_BOOL_CONVERSION = YES;
				CLANG_WARN_COMMA = YES;
				CLANG_WARN_CONSTANT_CONVERSION = YES;
				CLANG_WARN_DEPRECATED_OBJC_IMPLEMENTATIONS = YES;
				CLANG_WARN_DIRECT_OBJC_ISA_USAGE = YES_ERROR;
				CLANG_WARN_DOCUMENTATION_COMMENTS = YES;
				CLANG_WARN_EMPTY_BODY = YES;
				CLANG_WARN_ENUM_CONVERSION = YES;
				CLANG_WARN_INFINITE_RECURSION = YES;
				CLANG_WARN_INT_CONVERSION = YES;
				CLANG_WARN_NON_LITERAL_NULL_CONVERSION = YES;
				CLANG_WARN_OBJC_IMPLICIT_RETAIN_SELF = YES;
				CLANG_WARN_OBJC_LITERAL_CONVERSION = YES;
				CLANG_WARN_OBJC_ROOT_CLASS = YES_ERROR;
				CLANG_WARN_QUOTED_INCLUDE_IN_FRAMEWORK_HEADER = YES;
				CLANG_WARN_RANGE_LOOP_ANALYSIS = YES;
				CLANG_WARN_STRICT_PROTOTYPES = YES;
				CLANG_WARN_SUSPICIOUS_MOVE = YES;
				CLANG_WARN_UNGUARDED_AVAILABILITY = YES_AGGRESSIVE;
				CLANG_WARN_UNREACHABLE_CODE = YES;
				CLANG_WARN__DUPLICATE_METHOD_MATCH = YES;
				COPY_PHASE_STRIP = NO;
				DEBUG_INFORMATION_FORMAT = "dwarf-with-dsym";
				ENABLE_NS_ASSERTIONS = NO;
				ENABLE_STRICT_OBJC_MSGSEND = YES;
				ENABLE_USER_SCRIPT_SANDBOXING = YES;
				GCC_C_LANGUAGE_STANDARD = gnu17;
				GCC_NO_COMMON_BLOCKS = YES;
				GCC_WARN_64_TO_32_BIT_CONVERSION = YES;
				GCC_WARN_ABOUT_RETURN_TYPE = YES_ERROR;
				GCC_WARN_UNDECLARED_SELECTOR = YES;
				GCC_WARN_UNINITIALIZED_AUTOS = YES_AGGRESSIVE;
				GCC_WARN_UNUSED_FUNCTION = YES;
				GCC_WARN_UNUSED_VARIABLE = YES;
				IPHONEOS_DEPLOYMENT_TARGET = 17.5;
				LOCALIZATION_PREFERS_STRING_CATALOGS = YES;
				MTL_ENABLE_DEBUG_INFO = NO;
				MTL_FAST_MATH = YES;
				SDKROOT = iphoneos;
				SWIFT_COMPILATION_MODE = wholemodule;
				VALIDATE_PRODUCT = YES;
			};
			name = Release;
		};
		EF917E5A2C35B3EB00494D65 /* Debug */ = {
			isa = XCBuildConfiguration;
			baseConfigurationReference = 4A1A3A2C51C4B88BBC77EA11 /* Pods-Whats REAL.debug.xcconfig */;
			buildSettings = {
				ASSETCATALOG_COMPILER_APPICON_NAME = AppIcon;
				ASSETCATALOG_COMPILER_GLOBAL_ACCENT_COLOR_NAME = AccentColor;
				CODE_SIGN_STYLE = Automatic;
				CURRENT_PROJECT_VERSION = 1;
				DEVELOPMENT_ASSET_PATHS = "\"Whats REAL/Preview Content\"";
				DEVELOPMENT_TEAM = GTL2PGX2TX;
				ENABLE_PREVIEWS = YES;
				ENABLE_USER_SCRIPT_SANDBOXING = NO;
				GENERATE_INFOPLIST_FILE = YES;
				INFOPLIST_KEY_UIApplicationSceneManifest_Generation = YES;
				INFOPLIST_KEY_UIApplicationSupportsIndirectInputEvents = YES;
				INFOPLIST_KEY_UILaunchScreen_Generation = YES;
				INFOPLIST_KEY_UISupportedInterfaceOrientations_iPad = "UIInterfaceOrientationPortrait UIInterfaceOrientationPortraitUpsideDown UIInterfaceOrientationLandscapeLeft UIInterfaceOrientationLandscapeRight";
				INFOPLIST_KEY_UISupportedInterfaceOrientations_iPhone = "UIInterfaceOrientationPortrait UIInterfaceOrientationLandscapeLeft UIInterfaceOrientationLandscapeRight";
				LD_RUNPATH_SEARCH_PATHS = (
					"$(inherited)",
					"@executable_path/Frameworks",
				);
				MARKETING_VERSION = 1.0;
				PRODUCT_BUNDLE_IDENTIFIER = "com.swiftUi.identifier.Whats-REAL";
				PRODUCT_NAME = "$(TARGET_NAME)";
				SWIFT_EMIT_LOC_STRINGS = YES;
				SWIFT_VERSION = 5.0;
				TARGETED_DEVICE_FAMILY = "1,2";
			};
			name = Debug;
		};
		EF917E5B2C35B3EB00494D65 /* Release */ = {
			isa = XCBuildConfiguration;
			baseConfigurationReference = 1106CA60BC9B047C63E8AE59 /* Pods-Whats REAL.release.xcconfig */;
			buildSettings = {
				ASSETCATALOG_COMPILER_APPICON_NAME = AppIcon;
				ASSETCATALOG_COMPILER_GLOBAL_ACCENT_COLOR_NAME = AccentColor;
				CODE_SIGN_STYLE = Automatic;
				CURRENT_PROJECT_VERSION = 1;
				DEVELOPMENT_ASSET_PATHS = "\"Whats REAL/Preview Content\"";
				DEVELOPMENT_TEAM = GTL2PGX2TX;
				ENABLE_PREVIEWS = YES;
				ENABLE_USER_SCRIPT_SANDBOXING = NO;
				GENERATE_INFOPLIST_FILE = YES;
				INFOPLIST_KEY_UIApplicationSceneManifest_Generation = YES;
				INFOPLIST_KEY_UIApplicationSupportsIndirectInputEvents = YES;
				INFOPLIST_KEY_UILaunchScreen_Generation = YES;
				INFOPLIST_KEY_UISupportedInterfaceOrientations_iPad = "UIInterfaceOrientationPortrait UIInterfaceOrientationPortraitUpsideDown UIInterfaceOrientationLandscapeLeft UIInterfaceOrientationLandscapeRight";
				INFOPLIST_KEY_UISupportedInterfaceOrientations_iPhone = "UIInterfaceOrientationPortrait UIInterfaceOrientationLandscapeLeft UIInterfaceOrientationLandscapeRight";
				LD_RUNPATH_SEARCH_PATHS = (
					"$(inherited)",
					"@executable_path/Frameworks",
				);
				MARKETING_VERSION = 1.0;
				PRODUCT_BUNDLE_IDENTIFIER = "com.swiftUi.identifier.Whats-REAL";
				PRODUCT_NAME = "$(TARGET_NAME)";
				SWIFT_EMIT_LOC_STRINGS = YES;
				SWIFT_VERSION = 5.0;
				TARGETED_DEVICE_FAMILY = "1,2";
			};
			name = Release;
		};
/* End XCBuildConfiguration section */

/* Begin XCConfigurationList section */
		EF917E462C35B3E900494D65 /* Build configuration list for PBXProject "Whats REAL" */ = {
			isa = XCConfigurationList;
			buildConfigurations = (
				EF917E572C35B3EB00494D65 /* Debug */,
				EF917E582C35B3EB00494D65 /* Release */,
			);
			defaultConfigurationIsVisible = 0;
			defaultConfigurationName = Release;
		};
		EF917E592C35B3EB00494D65 /* Build configuration list for PBXNativeTarget "Whats REAL" */ = {
			isa = XCConfigurationList;
			buildConfigurations = (
				EF917E5A2C35B3EB00494D65 /* Debug */,
				EF917E5B2C35B3EB00494D65 /* Release */,
			);
			defaultConfigurationIsVisible = 0;
			defaultConfigurationName = Release;
		};
/* End XCConfigurationList section */
	};
	rootObject = EF917E432C35B3E900494D65 /* Project object */;
}
